PODS:
  - MSProfessorSDK (0.0.1):
    - MSProfessorSDK/fps (= 0.0.1)
    - MSProfessorSDK/llvm (= 0.0.1)
    - MSProfessorSDK/uiview (= 0.0.1)
  - MSProfessorSDK/fps (0.0.1)
  - MSProfessorSDK/llvm (0.0.1)
  - MSProfessorSDK/uiview (0.0.1)

DEPENDENCIES:
  - MSProfessorSDK (from `../`)

EXTERNAL SOURCES:
  MSProfessorSDK:
    :path: "../"

SPEC CHECKSUMS:
  MSProfessorSDK: 05405cf4a86de418755075a3d792f7f1a3ae3bd1

PODFILE CHECKSUM: 5122a84b01f7df7e9825ba01dfbad2600e721af5

COCOAPODS: 1.5.0.beta.1
